{
  "name": "ctrn-export",
  "version": "0.0.0",
  "lockfileVersion": 1,
  "requires": true,
  "dependencies": {
    "@types/node": {
      "version": "8.10.36",
      "resolved": "https://registry.npmjs.org/@types/node/-/node-8.10.36.tgz",
      "integrity": "sha512-SL6KhfM7PTqiFmbCW3eVNwVBZ+88Mrzbuvn9olPsfv43mbiWaFY+nRcz/TGGku0/lc2FepdMbImdMY1JrQ+zbw==",
      "dev": true
    },
    "he": {
      "version": "1.1.1",
      "resolved": "https://registry.npmjs.org/he/-/he-1.1.1.tgz",
      "integrity": "sha1-k0EP0hsAlzUVH4howvJx80J+I/0="
    },
    "node-html-parser": {
      "version": "1.1.10",
      "resolved": "https://registry.npmjs.org/node-html-parser/-/node-html-parser-1.1.10.tgz",
      "integrity": "sha512-mX2zof685srfHB7ls5EHtv/zCWbiPXfa3Zj5Nh7NpcOFpgTuLmr5cD2tO1AXmr5rQ+YFiCOnvV0DnEmRD65oeQ==",
      "requires": {
        "he": "1.1.1"
      }
    },
    "typescript": {
      "version": "3.1.3",
      "resolved": "https://registry.npmjs.org/typescript/-/typescript-3.1.3.tgz",
      "integrity": "sha512-+81MUSyX+BaSo+u2RbozuQk/UWx6hfG0a5gHu4ANEM4sU96XbuIyAB+rWBW1u70c6a5QuZfuYICn3s2UjuHUpA=="
    }
  }
}
